Microsoft Visual Studio Solution File, Format Version 12.00
# Visual Studio 15
VisualStudioVersion = 15.0.26124.0
MinimumVisualStudioVersion = 15.0.26124.0
Project("{9A19103F-16F7-4668-BE54-9A1E7A4F7556}") = "Shell.NET", "Shell.NET\Shell.NET.csproj", "{6E0FF9E8-461F-40B6-B2CF-2A4A88B257A5}"
EndProject
Project("{9A19103F-16F7-4668-BE54-9A1E7A4F7556}") = "Shell.NET.Tests", "Shell.NET.Tests\Shell.NET.Tests.csproj", "{EA690C06-DC4A-4082-A6C4-2BCF1104A459}"
EndProject
Global
	GlobalSection(SolutionConfigurationPlatforms) = preSolution
		Debug|Any CPU = Debug|Any CPU
		Debug|x64 = Debug|x64
		Debug|x86 = Debug|x86
		Release|Any CPU = Release|Any CPU
		Release|x64 = Release|x64
		Release|x86 = Release|x86
	EndGlobalSection
	GlobalSection(ProjectConfigurationPlatforms) = postSolution
		{6E0FF9E8-461F-40B6-B2CF-2A4A88B257A5}.Debug|Any CPU.ActiveCfg = Debug|Any CPU
		{6E0FF9E8-461F-40B6-B2CF-2A4A88B257A5}.Debug|Any CPU.Build.0 = Debug|Any CPU
		{6E0FF9E8-461F-40B6-B2CF-2A4A88B257A5}.Debug|x64.ActiveCfg = Debug|Any CPU
		{6E0FF9E8-461F-40B6-B2CF-2A4A88B257A5}.Debug|x64.Build.0 = Debug|Any CPU
		{6E0FF9E8-461F-40B6-B2CF-2A4A88B257A5}.Debug|x86.ActiveCfg = Debug|Any CPU
		{6E0FF9E8-461F-40B6-B2CF-2A4A88B257A5}.Debug|x86.Build.0 = Debug|Any CPU
		{6E0FF9E8-461F-40B6-B2CF-2A4A88B257A5}.Release|Any CPU.ActiveCfg = Release|Any CPU
		{6E0FF9E8-461F-40B6-B2CF-2A4A88B257A5}.Release|Any CPU.Build.0 = Release|Any CPU
		{6E0FF9E8-461F-40B6-B2CF-2A4A88B257A5}.Release|x64.ActiveCfg = Release|Any CPU
		{6E0FF9E8-461F-40B6-B2CF-2A4A88B257A5}.Release|x64.Build.0 = Release|Any CPU
		{6E0FF9E8-461F-40B6-B2CF-2A4A88B257A5}.Release|x86.ActiveCfg = Release|Any CPU
		{6E0FF9E8-461F-40B6-B2CF-2A4A88B257A5}.Release|x86.Build.0 = Release|Any CPU
		{EA690C06-DC4A-4082-A6C4-2BCF1104A459}.Debug|Any CPU.ActiveCfg = Debug|Any CPU
		{EA690C06-DC4A-4082-A6C4-2BCF1104A459}.Debug|Any CPU.Build.0 = Debug|Any CPU
		{EA690C06-DC4A-4082-A6C4-2BCF1104A459}.Debug|x64.ActiveCfg = Debug|Any CPU
		{EA690C06-DC4A-4082-A6C4-2BCF1104A459}.Debug|x64.Build.0 = Debug|Any CPU
		{EA690C06-DC4A-4082-A6C4-2BCF1104A459}.Debug|x86.ActiveCfg = Debug|Any CPU
		{EA690C06-DC4A-4082-A6C4-2BCF1104A459}.Debug|x86.Build.0 = Debug|Any CPU
		{EA690C06-DC4A-4082-A6C4-2BCF1104A459}.Release|Any CPU.ActiveCfg = Release|Any CPU
		{EA690C06-DC4A-4082-A6C4-2BCF1104A459}.Release|Any CPU.Build.0 = Release|Any CPU
		{EA690C06-DC4A-4082-A6C4-2BCF1104A459}.Release|x64.ActiveCfg = Release|Any CPU
		{EA690C06-DC4A-4082-A6C4-2BCF1104A459}.Release|x64.Build.0 = Release|Any CPU
		{EA690C06-DC4A-4082-A6C4-2BCF1104A459}.Release|x86.ActiveCfg = Release|Any CPU
		{EA690C06-DC4A-4082-A6C4-2BCF1104A459}.Release|x86.Build.0 = Release|Any CPU
	EndGlobalSection
	GlobalSection(SolutionProperties) = preSolution
		HideSolutionNode = FALSE
	EndGlobalSection
	GlobalSection(ExtensibilityGlobals) = postSolution
		SolutionGuid = {F61CF4F3-F411-447D-B24E-FB88A9B9384F}
	EndGlobalSection
EndGlobal
